<?xml version="1.0" encoding="utf-8"?>
<Project ToolsVersion="4.0" xmlns="http://schemas.microsoft.com/developer/msbuild/2003">
  <ItemGroup>
    <None Include="packages.config" />
  </ItemGroup>
  <ItemGroup>
    <Filter Include="test">
      <UniqueIdentifier>{698bf64f-8177-4062-94b4-3ec74d3bca91}</UniqueIdentifier>
    </Filter>
    <Filter Include="src">
      <UniqueIdentifier>{21ff2d3f-aa1b-46a6-bb15-94ba4e1fa1c4}</UniqueIdentifier>
    </Filter>
  </ItemGroup>
  <ItemGroup>
    <ClCompile Include="src\cplx_op.c">
      <Filter>src</Filter>
    </ClCompile>
    <ClCompile Include="src\main.c">
      <Filter>src</Filter>
    </ClCompile>
    <ClCompile Include="test\aux_functions.cpp">
      <Filter>test</Filter>
    </ClCompile>
    <ClCompile Include="test\test.cpp">
      <Filter>test</Filter>
    </ClCompile>
  </ItemGroup>
  <ItemGroup>
    <ClInclude Include="src\cplx_op.h">
      <Filter>src</Filter>
    </ClInclude>
    <ClInclude Include="src\main.h">
      <Filter>src</Filter>
    </ClInclude>
    <ClInclude Include="test\aux_functions.h">
      <Filter>test</Filter>
    </ClInclude>
  </ItemGroup>
</Project>